<?xml version="1.0" encoding="utf-8"?>
<Project ToolsVersion="4.0" xmlns="http://schemas.microsoft.com/developer/msbuild/2003">
  <ItemGroup>
    <Filter Include="Исходные файлы">
      <UniqueIdentifier>{4FC737F1-C7A5-4376-A066-2A32D752A2FF}</UniqueIdentifier>
      <Extensions>cpp;c;cc;cxx;c++;cppm;ixx;def;odl;idl;hpj;bat;asm;asmx</Extensions>
    </Filter>
    <Filter Include="Файлы заголовков">
      <UniqueIdentifier>{93995380-89BD-4b04-88EB-625FBE52EBFB}</UniqueIdentifier>
      <Extensions>h;hh;hpp;hxx;h++;hm;inl;inc;ipp;xsd</Extensions>
    </Filter>
  </ItemGroup>
  <ItemGroup>
    <ClCompile Include="MyForm.cpp">
      <Filter>Файлы заголовков</Filter>
    </ClCompile>
    <ClCompile Include="reg.cpp">
      <Filter>Файлы заголовков</Filter>
    </ClCompile>
    <ClCompile Include="vibor.cpp">
      <Filter>Файлы заголовков</Filter>
    </ClCompile>
    <ClCompile Include="mlekop.cpp">
      <Filter>Файлы заголовков</Filter>
    </ClCompile>
    <ClCompile Include="bird.cpp">
      <Filter>Файлы заголовков</Filter>
    </ClCompile>
    <ClCompile Include="nasik.cpp">
      <Filter>Файлы заголовков</Filter>
    </ClCompile>
    <ClCompile Include="fish.cpp">
      <Filter>Файлы заголовков</Filter>
    </ClCompile>
    <ClCompile Include="die.cpp">
      <Filter>Файлы заголовков</Filter>
    </ClCompile>
    <ClCompile Include="smert.cpp">
      <Filter>Файлы заголовков</Filter>
    </ClCompile>
    <ClCompile Include="rod.cpp">
      <Filter>Файлы заголовков</Filter>
    </ClCompile>
    <ClCompile Include="datebase.cpp">
      <Filter>Файлы заголовков</Filter>
    </ClCompile>
    <ClCompile Include="regadm.cpp">
      <Filter>Файлы заголовков</Filter>
    </ClCompile>
  </ItemGroup>
  <ItemGroup>
    <ClInclude Include="MyForm.h">
      <Filter>Файлы заголовков</Filter>
    </ClInclude>
    <ClInclude Include="reg.h">
      <Filter>Файлы заголовков</Filter>
    </ClInclude>
    <ClInclude Include="vibor.h">
      <Filter>Файлы заголовков</Filter>
    </ClInclude>
    <ClInclude Include="files.h">
      <Filter>Файлы заголовков</Filter>
    </ClInclude>
    <ClInclude Include="mlekop.h">
      <Filter>Файлы заголовков</Filter>
    </ClInclude>
    <ClInclude Include="bird.h">
      <Filter>Файлы заголовков</Filter>
    </ClInclude>
    <ClInclude Include="nasik.h">
      <Filter>Файлы заголовков</Filter>
    </ClInclude>
    <ClInclude Include="fish.h">
      <Filter>Файлы заголовков</Filter>
    </ClInclude>
    <ClInclude Include="Language.h">
      <Filter>Файлы заголовков</Filter>
    </ClInclude>
    <ClInclude Include="Background.h">
      <Filter>Файлы заголовков</Filter>
    </ClInclude>
    <ClInclude Include="smert.h">
      <Filter>Файлы заголовков</Filter>
    </ClInclude>
    <ClInclude Include="zapis.h">
      <Filter>Файлы заголовков</Filter>
    </ClInclude>
    <ClInclude Include="admin.h">
      <Filter>Файлы заголовков</Filter>
    </ClInclude>
    <ClInclude Include="rod.h">
      <Filter>Файлы заголовков</Filter>
    </ClInclude>
    <ClInclude Include="datebase.h">
      <Filter>Файлы заголовков</Filter>
    </ClInclude>
    <ClInclude Include="regadm.h">
      <Filter>Файлы заголовков</Filter>
    </ClInclude>
  </ItemGroup>
</Project>